
Microsoft Visual Studio Solution File, Format Version 12.00
# Visual Studio Version 16
VisualStudioVersion = 16.0.30114.105
MinimumVisualStudioVersion = 10.0.40219.1
Project("{2150E333-8FDC-42A3-9474-1A3956D46DE8}") = "01. Layer Infraestructure", "01. Layer Infraestructure", "{D8873A07-7245-452A-B510-7556F3B83EBA}"
EndProject
Project("{FAE04EC0-301F-11D3-BF4B-00C04F79EFBC}") = "EP_SimuladorMicroservice.Infraestructure", "EP_SimuladorMicroservice.Infraestructure\EP_SimuladorMicroservice.Infraestructure.csproj", "{F676E609-5A60-4881-9552-A5E8214B523E}"
EndProject
Project("{FAE04EC0-301F-11D3-BF4B-00C04F79EFBC}") = "EP_SimuladorMicroservice.Repository", "EP_SimuladorMicroservice.Repository\EP_SimuladorMicroservice.Repository.csproj", "{4BCC1948-3EA2-4084-A3EF-F0E2345313C2}"
EndProject
Project("{2150E333-8FDC-42A3-9474-1A3956D46DE8}") = "02. Layer Domain", "02. Layer Domain", "{F6BBC2C3-D61D-41AA-BF33-6A8C91B81E05}"
EndProject
Project("{FAE04EC0-301F-11D3-BF4B-00C04F79EFBC}") = "EP_SimuladorMicroservice.Domain", "EP_SimuladorMicroservice.Domain\EP_SimuladorMicroservice.Domain.csproj", "{D94D9DE0-835C-418D-9AAD-DC44CE6AA1E9}"
EndProject
Project("{FAE04EC0-301F-11D3-BF4B-00C04F79EFBC}") = "EP_SimuladorMicroservice.Entities", "EP_SimuladorMicroservice.Entities\EP_SimuladorMicroservice.Entities.csproj", "{FC2568F6-DAC6-497B-B947-CA1E1DC36C0D}"
EndProject
Project("{FAE04EC0-301F-11D3-BF4B-00C04F79EFBC}") = "EP_SimuladorMicroservice.Exceptions", "EP_SimuladorMicroservice.Exceptions\EP_SimuladorMicroservice.Exceptions.csproj", "{122B422A-9007-46AE-A960-EA08F8CE6017}"
EndProject
Project("{2150E333-8FDC-42A3-9474-1A3956D46DE8}") = "03. Layer Api", "03. Layer Api", "{730F43D2-FF9C-4141-B395-1FDEDF533B03}"
EndProject
Project("{FAE04EC0-301F-11D3-BF4B-00C04F79EFBC}") = "EP_SimuladorMicroservice.Service", "EP_SimuladorMicroservice.Service\EP_SimuladorMicroservice.Service.csproj", "{36B4E1E8-CF8A-454C-9F75-3C300EE901C5}"
EndProject
Project("{2150E333-8FDC-42A3-9474-1A3956D46DE8}") = "04. Util", "04. Util", "{CA693967-FD0D-4905-B214-83EB8CEC57B3}"
EndProject
Project("{FAE04EC0-301F-11D3-BF4B-00C04F79EFBC}") = "Util", "Util\Util.csproj", "{C453CA52-E65F-4B38-B5C6-761C08B364A8}"
EndProject
Project("{FAE04EC0-301F-11D3-BF4B-00C04F79EFBC}") = "EP_SimuladorMicroservice.Api", "EP_SimuladorMicroservice.Api\EP_SimuladorMicroservice.Api.csproj", "{3F994E1A-7728-47BC-91E8-922BE0CAAC9C}"
EndProject
Global
	GlobalSection(SolutionConfigurationPlatforms) = preSolution
		Debug|Any CPU = Debug|Any CPU
		Debug|x64 = Debug|x64
		Debug|x86 = Debug|x86
		Release|Any CPU = Release|Any CPU
		Release|x64 = Release|x64
		Release|x86 = Release|x86
	EndGlobalSection
	GlobalSection(SolutionProperties) = preSolution
		HideSolutionNode = FALSE
	EndGlobalSection
	GlobalSection(ProjectConfigurationPlatforms) = postSolution
		{F676E609-5A60-4881-9552-A5E8214B523E}.Debug|Any CPU.ActiveCfg = Debug|Any CPU
		{F676E609-5A60-4881-9552-A5E8214B523E}.Debug|Any CPU.Build.0 = Debug|Any CPU
		{F676E609-5A60-4881-9552-A5E8214B523E}.Debug|x64.ActiveCfg = Debug|Any CPU
		{F676E609-5A60-4881-9552-A5E8214B523E}.Debug|x64.Build.0 = Debug|Any CPU
		{F676E609-5A60-4881-9552-A5E8214B523E}.Debug|x86.ActiveCfg = Debug|Any CPU
		{F676E609-5A60-4881-9552-A5E8214B523E}.Debug|x86.Build.0 = Debug|Any CPU
		{F676E609-5A60-4881-9552-A5E8214B523E}.Release|Any CPU.ActiveCfg = Release|Any CPU
		{F676E609-5A60-4881-9552-A5E8214B523E}.Release|Any CPU.Build.0 = Release|Any CPU
		{F676E609-5A60-4881-9552-A5E8214B523E}.Release|x64.ActiveCfg = Release|Any CPU
		{F676E609-5A60-4881-9552-A5E8214B523E}.Release|x64.Build.0 = Release|Any CPU
		{F676E609-5A60-4881-9552-A5E8214B523E}.Release|x86.ActiveCfg = Release|Any CPU
		{F676E609-5A60-4881-9552-A5E8214B523E}.Release|x86.Build.0 = Release|Any CPU
		{4BCC1948-3EA2-4084-A3EF-F0E2345313C2}.Debug|Any CPU.ActiveCfg = Debug|Any CPU
		{4BCC1948-3EA2-4084-A3EF-F0E2345313C2}.Debug|Any CPU.Build.0 = Debug|Any CPU
		{4BCC1948-3EA2-4084-A3EF-F0E2345313C2}.Debug|x64.ActiveCfg = Debug|Any CPU
		{4BCC1948-3EA2-4084-A3EF-F0E2345313C2}.Debug|x64.Build.0 = Debug|Any CPU
		{4BCC1948-3EA2-4084-A3EF-F0E2345313C2}.Debug|x86.ActiveCfg = Debug|Any CPU
		{4BCC1948-3EA2-4084-A3EF-F0E2345313C2}.Debug|x86.Build.0 = Debug|Any CPU
		{4BCC1948-3EA2-4084-A3EF-F0E2345313C2}.Release|Any CPU.ActiveCfg = Release|Any CPU
		{4BCC1948-3EA2-4084-A3EF-F0E2345313C2}.Release|Any CPU.Build.0 = Release|Any CPU
		{4BCC1948-3EA2-4084-A3EF-F0E2345313C2}.Release|x64.ActiveCfg = Release|Any CPU
		{4BCC1948-3EA2-4084-A3EF-F0E2345313C2}.Release|x64.Build.0 = Release|Any CPU
		{4BCC1948-3EA2-4084-A3EF-F0E2345313C2}.Release|x86.ActiveCfg = Release|Any CPU
		{4BCC1948-3EA2-4084-A3EF-F0E2345313C2}.Release|x86.Build.0 = Release|Any CPU
		{D94D9DE0-835C-418D-9AAD-DC44CE6AA1E9}.Debug|Any CPU.ActiveCfg = Debug|Any CPU
		{D94D9DE0-835C-418D-9AAD-DC44CE6AA1E9}.Debug|Any CPU.Build.0 = Debug|Any CPU
		{D94D9DE0-835C-418D-9AAD-DC44CE6AA1E9}.Debug|x64.ActiveCfg = Debug|Any CPU
		{D94D9DE0-835C-418D-9AAD-DC44CE6AA1E9}.Debug|x64.Build.0 = Debug|Any CPU
		{D94D9DE0-835C-418D-9AAD-DC44CE6AA1E9}.Debug|x86.ActiveCfg = Debug|Any CPU
		{D94D9DE0-835C-418D-9AAD-DC44CE6AA1E9}.Debug|x86.Build.0 = Debug|Any CPU
		{D94D9DE0-835C-418D-9AAD-DC44CE6AA1E9}.Release|Any CPU.ActiveCfg = Release|Any CPU
		{D94D9DE0-835C-418D-9AAD-DC44CE6AA1E9}.Release|Any CPU.Build.0 = Release|Any CPU
		{D94D9DE0-835C-418D-9AAD-DC44CE6AA1E9}.Release|x64.ActiveCfg = Release|Any CPU
		{D94D9DE0-835C-418D-9AAD-DC44CE6AA1E9}.Release|x64.Build.0 = Release|Any CPU
		{D94D9DE0-835C-418D-9AAD-DC44CE6AA1E9}.Release|x86.ActiveCfg = Release|Any CPU
		{D94D9DE0-835C-418D-9AAD-DC44CE6AA1E9}.Release|x86.Build.0 = Release|Any CPU
		{FC2568F6-DAC6-497B-B947-CA1E1DC36C0D}.Debug|Any CPU.ActiveCfg = Debug|Any CPU
		{FC2568F6-DAC6-497B-B947-CA1E1DC36C0D}.Debug|Any CPU.Build.0 = Debug|Any CPU
		{FC2568F6-DAC6-497B-B947-CA1E1DC36C0D}.Debug|x64.ActiveCfg = Debug|Any CPU
		{FC2568F6-DAC6-497B-B947-CA1E1DC36C0D}.Debug|x64.Build.0 = Debug|Any CPU
		{FC2568F6-DAC6-497B-B947-CA1E1DC36C0D}.Debug|x86.ActiveCfg = Debug|Any CPU
		{FC2568F6-DAC6-497B-B947-CA1E1DC36C0D}.Debug|x86.Build.0 = Debug|Any CPU
		{FC2568F6-DAC6-497B-B947-CA1E1DC36C0D}.Release|Any CPU.ActiveCfg = Release|Any CPU
		{FC2568F6-DAC6-497B-B947-CA1E1DC36C0D}.Release|Any CPU.Build.0 = Release|Any CPU
		{FC2568F6-DAC6-497B-B947-CA1E1DC36C0D}.Release|x64.ActiveCfg = Release|Any CPU
		{FC2568F6-DAC6-497B-B947-CA1E1DC36C0D}.Release|x64.Build.0 = Release|Any CPU
		{FC2568F6-DAC6-497B-B947-CA1E1DC36C0D}.Release|x86.ActiveCfg = Release|Any CPU
		{FC2568F6-DAC6-497B-B947-CA1E1DC36C0D}.Release|x86.Build.0 = Release|Any CPU
		{122B422A-9007-46AE-A960-EA08F8CE6017}.Debug|Any CPU.ActiveCfg = Debug|Any CPU
		{122B422A-9007-46AE-A960-EA08F8CE6017}.Debug|Any CPU.Build.0 = Debug|Any CPU
		{122B422A-9007-46AE-A960-EA08F8CE6017}.Debug|x64.ActiveCfg = Debug|Any CPU
		{122B422A-9007-46AE-A960-EA08F8CE6017}.Debug|x64.Build.0 = Debug|Any CPU
		{122B422A-9007-46AE-A960-EA08F8CE6017}.Debug|x86.ActiveCfg = Debug|Any CPU
		{122B422A-9007-46AE-A960-EA08F8CE6017}.Debug|x86.Build.0 = Debug|Any CPU
		{122B422A-9007-46AE-A960-EA08F8CE6017}.Release|Any CPU.ActiveCfg = Release|Any CPU
		{122B422A-9007-46AE-A960-EA08F8CE6017}.Release|Any CPU.Build.0 = Release|Any CPU
		{122B422A-9007-46AE-A960-EA08F8CE6017}.Release|x64.ActiveCfg = Release|Any CPU
		{122B422A-9007-46AE-A960-EA08F8CE6017}.Release|x64.Build.0 = Release|Any CPU
		{122B422A-9007-46AE-A960-EA08F8CE6017}.Release|x86.ActiveCfg = Release|Any CPU
		{122B422A-9007-46AE-A960-EA08F8CE6017}.Release|x86.Build.0 = Release|Any CPU
		{36B4E1E8-CF8A-454C-9F75-3C300EE901C5}.Debug|Any CPU.ActiveCfg = Debug|Any CPU
		{36B4E1E8-CF8A-454C-9F75-3C300EE901C5}.Debug|Any CPU.Build.0 = Debug|Any CPU
		{36B4E1E8-CF8A-454C-9F75-3C300EE901C5}.Debug|x64.ActiveCfg = Debug|Any CPU
		{36B4E1E8-CF8A-454C-9F75-3C300EE901C5}.Debug|x64.Build.0 = Debug|Any CPU
		{36B4E1E8-CF8A-454C-9F75-3C300EE901C5}.Debug|x86.ActiveCfg = Debug|Any CPU
		{36B4E1E8-CF8A-454C-9F75-3C300EE901C5}.Debug|x86.Build.0 = Debug|Any CPU
		{36B4E1E8-CF8A-454C-9F75-3C300EE901C5}.Release|Any CPU.ActiveCfg = Release|Any CPU
		{36B4E1E8-CF8A-454C-9F75-3C300EE901C5}.Release|Any CPU.Build.0 = Release|Any CPU
		{36B4E1E8-CF8A-454C-9F75-3C300EE901C5}.Release|x64.ActiveCfg = Release|Any CPU
		{36B4E1E8-CF8A-454C-9F75-3C300EE901C5}.Release|x64.Build.0 = Release|Any CPU
		{36B4E1E8-CF8A-454C-9F75-3C300EE901C5}.Release|x86.ActiveCfg = Release|Any CPU
		{36B4E1E8-CF8A-454C-9F75-3C300EE901C5}.Release|x86.Build.0 = Release|Any CPU
		{C453CA52-E65F-4B38-B5C6-761C08B364A8}.Debug|Any CPU.ActiveCfg = Debug|Any CPU
		{C453CA52-E65F-4B38-B5C6-761C08B364A8}.Debug|Any CPU.Build.0 = Debug|Any CPU
		{C453CA52-E65F-4B38-B5C6-761C08B364A8}.Debug|x64.ActiveCfg = Debug|Any CPU
		{C453CA52-E65F-4B38-B5C6-761C08B364A8}.Debug|x64.Build.0 = Debug|Any CPU
		{C453CA52-E65F-4B38-B5C6-761C08B364A8}.Debug|x86.ActiveCfg = Debug|Any CPU
		{C453CA52-E65F-4B38-B5C6-761C08B364A8}.Debug|x86.Build.0 = Debug|Any CPU
		{C453CA52-E65F-4B38-B5C6-761C08B364A8}.Release|Any CPU.ActiveCfg = Release|Any CPU
		{C453CA52-E65F-4B38-B5C6-761C08B364A8}.Release|Any CPU.Build.0 = Release|Any CPU
		{C453CA52-E65F-4B38-B5C6-761C08B364A8}.Release|x64.ActiveCfg = Release|Any CPU
		{C453CA52-E65F-4B38-B5C6-761C08B364A8}.Release|x64.Build.0 = Release|Any CPU
		{C453CA52-E65F-4B38-B5C6-761C08B364A8}.Release|x86.ActiveCfg = Release|Any CPU
		{C453CA52-E65F-4B38-B5C6-761C08B364A8}.Release|x86.Build.0 = Release|Any CPU
		{3F994E1A-7728-47BC-91E8-922BE0CAAC9C}.Debug|Any CPU.ActiveCfg = Debug|Any CPU
		{3F994E1A-7728-47BC-91E8-922BE0CAAC9C}.Debug|Any CPU.Build.0 = Debug|Any CPU
		{3F994E1A-7728-47BC-91E8-922BE0CAAC9C}.Debug|x64.ActiveCfg = Debug|Any CPU
		{3F994E1A-7728-47BC-91E8-922BE0CAAC9C}.Debug|x64.Build.0 = Debug|Any CPU
		{3F994E1A-7728-47BC-91E8-922BE0CAAC9C}.Debug|x86.ActiveCfg = Debug|Any CPU
		{3F994E1A-7728-47BC-91E8-922BE0CAAC9C}.Debug|x86.Build.0 = Debug|Any CPU
		{3F994E1A-7728-47BC-91E8-922BE0CAAC9C}.Release|Any CPU.ActiveCfg = Release|Any CPU
		{3F994E1A-7728-47BC-91E8-922BE0CAAC9C}.Release|Any CPU.Build.0 = Release|Any CPU
		{3F994E1A-7728-47BC-91E8-922BE0CAAC9C}.Release|x64.ActiveCfg = Release|Any CPU
		{3F994E1A-7728-47BC-91E8-922BE0CAAC9C}.Release|x64.Build.0 = Release|Any CPU
		{3F994E1A-7728-47BC-91E8-922BE0CAAC9C}.Release|x86.ActiveCfg = Release|Any CPU
		{3F994E1A-7728-47BC-91E8-922BE0CAAC9C}.Release|x86.Build.0 = Release|Any CPU
	EndGlobalSection
	GlobalSection(NestedProjects) = preSolution
		{F676E609-5A60-4881-9552-A5E8214B523E} = {D8873A07-7245-452A-B510-7556F3B83EBA}
		{4BCC1948-3EA2-4084-A3EF-F0E2345313C2} = {D8873A07-7245-452A-B510-7556F3B83EBA}
		{D94D9DE0-835C-418D-9AAD-DC44CE6AA1E9} = {F6BBC2C3-D61D-41AA-BF33-6A8C91B81E05}
		{FC2568F6-DAC6-497B-B947-CA1E1DC36C0D} = {F6BBC2C3-D61D-41AA-BF33-6A8C91B81E05}
		{122B422A-9007-46AE-A960-EA08F8CE6017} = {F6BBC2C3-D61D-41AA-BF33-6A8C91B81E05}
		{36B4E1E8-CF8A-454C-9F75-3C300EE901C5} = {730F43D2-FF9C-4141-B395-1FDEDF533B03}
		{C453CA52-E65F-4B38-B5C6-761C08B364A8} = {CA693967-FD0D-4905-B214-83EB8CEC57B3}
		{3F994E1A-7728-47BC-91E8-922BE0CAAC9C} = {730F43D2-FF9C-4141-B395-1FDEDF533B03}
	EndGlobalSection
EndGlobal
